{
  "version": 4,
  "terraform_version": "1.9.8",
  "serial": 101,
  "lineage": "a66df454-4754-e33a-4e59-c166a3d1d603",
  "outputs": {},
  "resources": [
    {
      "mode": "data",
      "type": "archive_file",
      "name": "bot_function_zip",
      "provider": "provider[\"registry.terraform.io/hashicorp/archive\"]",
      "instances": [
        {
          "schema_version": 0,
          "attributes": {
            "exclude_symlink_directories": null,
            "excludes": null,
            "id": "51e1f617da5ddeb3b3fdda9bf96a973c171a1e48",
            "output_base64sha256": "wMLBLZMz/7wi1ljDSy0oJBIIjaVhcfLpgbfhzV8EV8g=",
            "output_base64sha512": "S2qgJHGTlR9LD1paNNAi49siVXfsX6JeFa2H+e9zxk46PoiIWeJHVPb3ocpHp3HaOwgtuVm3nsdhqkFoMJHXOQ==",
            "output_file_mode": null,
            "output_md5": "1e605276bbeeefecfc0efc4a4083ffe4",
            "output_path": "bot_function.zip",
            "output_sha": "51e1f617da5ddeb3b3fdda9bf96a973c171a1e48",
            "output_sha256": "c0c2c12d9333ffbc22d658c34b2d282412088da56171f2e981b7e1cd5f0457c8",
            "output_sha512": "4b6aa0247193951f4b0f5a5a34d022e3db225577ec5fa25e15ad87f9ef73c64e3a3e888859e24754f6f7a1ca47a771da3b082db959b79ec761aa41683091d739",
            "output_size": 2107,
            "source": [],
            "source_content": null,
            "source_content_filename": null,
            "source_dir": "src",
            "source_file": null,
            "type": "zip"
          },
          "sensitive_attributes": []
        }
      ]
    },
    {
      "mode": "managed",
      "type": "telegram_bot_webhook",
      "name": "tg_bot_for_exam_webhook",
      "provider": "provider[\"registry.terraform.io/yi-jiayu/telegram\"]",
      "instances": [
        {
          "schema_version": 0,
          "attributes": {
            "allowed_updates": null,
            "id": "webhook",
            "max_connections": 40,
            "url": "https://functions.yandexcloud.net/d4e33qrn4122gfgkng55"
          },
          "sensitive_attributes": [],
          "private": "bnVsbA==",
          "dependencies": [
            "data.archive_file.bot_function_zip",
            "yandex_function.tg_bot_for_exam",
            "yandex_iam_service_account.tg_bot_for_exam",
            "yandex_storage_bucket.tg_bot_for_exam_bucket"
          ]
        }
      ]
    },
    {
      "mode": "managed",
      "type": "yandex_function",
      "name": "tg_bot_for_exam",
      "provider": "provider[\"registry.terraform.io/yandex-cloud/yandex\"]",
      "instances": [
        {
          "schema_version": 1,
          "attributes": {
            "async_invocation": [],
            "concurrency": 1,
            "connectivity": [],
            "content": [
              {
                "zip_filename": "bot_function.zip"
              }
            ],
            "created_at": "2025-01-07T21:13:14Z",
            "description": "",
            "entrypoint": "index.handler",
            "environment": {
              "BUCKET_OBJECT_KEY": "instruction.txt",
              "FOLDER_ID": "b1g8dmbb2rv1vrcv62tc",
              "MOUNT_POINT": "bucket035",
              "TELEGRAM_BOT_TOKEN": "7463849442:AAG2QkhFvQEdMRsQ8aSe3qPG1pwIlq94mzY"
            },
            "execution_timeout": "45",
            "folder_id": "b1g8dmbb2rv1vrcv62tc",
            "id": "d4e33qrn4122gfgkng55",
            "image_size": 8192,
            "labels": {},
            "log_options": [],
            "memory": 128,
            "mounts": [
              {
                "ephemeral_disk": [],
                "mode": "ro",
                "name": "bucket035",
                "object_storage": [
                  {
                    "bucket": "bucket035",
                    "prefix": ""
                  }
                ]
              }
            ],
            "name": "echo2",
            "package": [],
            "runtime": "python312",
            "secrets": [],
            "service_account_id": "ajeh2ijb77pbrb7h696c",
            "storage_mounts": [],
            "tags": [],
            "timeouts": null,
            "tmpfs_size": 0,
            "user_hash": "4b6aa0247193951f4b0f5a5a34d022e3db225577ec5fa25e15ad87f9ef73c64e3a3e888859e24754f6f7a1ca47a771da3b082db959b79ec761aa41683091d739",
            "version": "d4eopieouosf17jljq86"
          },
          "sensitive_attributes": [],
          "private": "eyJlMmJmYjczMC1lY2FhLTExZTYtOGY4OC0zNDM2M2JjN2M0YzAiOnsiY3JlYXRlIjo2MDAwMDAwMDAwMDAsImRlbGV0ZSI6NjAwMDAwMDAwMDAwLCJ1cGRhdGUiOjYwMDAwMDAwMDAwMH0sInNjaGVtYV92ZXJzaW9uIjoiMSJ9",
          "dependencies": [
            "data.archive_file.bot_function_zip",
            "yandex_iam_service_account.tg_bot_for_exam",
            "yandex_storage_bucket.tg_bot_for_exam_bucket"
          ]
        }
      ]
    },
    {
      "mode": "managed",
      "type": "yandex_function_iam_binding",
      "name": "tg_bot_for_exam_iam",
      "provider": "provider[\"registry.terraform.io/yandex-cloud/yandex\"]",
      "instances": [
        {
          "schema_version": 0,
          "attributes": {
            "function_id": "d4e33qrn4122gfgkng55",
            "id": "d4e33qrn4122gfgkng55/functions.functionInvoker",
            "members": [
              "system:allUsers"
            ],
            "role": "functions.functionInvoker",
            "sleep_after": null,
            "timeouts": null
          },
          "sensitive_attributes": [],
          "private": "eyJlMmJmYjczMC1lY2FhLTExZTYtOGY4OC0zNDM2M2JjN2M0YzAiOnsiY3JlYXRlIjo2MDAwMDAwMDAwMCwiZGVmYXVsdCI6NjAwMDAwMDAwMDAsImRlbGV0ZSI6NjAwMDAwMDAwMDAsInJlYWQiOjYwMDAwMDAwMDAwLCJ1cGRhdGUiOjYwMDAwMDAwMDAwfX0=",
          "dependencies": [
            "data.archive_file.bot_function_zip",
            "yandex_function.tg_bot_for_exam",
            "yandex_iam_service_account.tg_bot_for_exam",
            "yandex_storage_bucket.tg_bot_for_exam_bucket"
          ]
        }
      ]
    },
    {
      "mode": "managed",
      "type": "yandex_iam_service_account",
      "name": "tg_bot_for_exam",
      "provider": "provider[\"registry.terraform.io/yandex-cloud/yandex\"]",
      "instances": [
        {
          "schema_version": 0,
          "attributes": {
            "created_at": "2025-01-07T21:12:19Z",
            "description": "",
            "folder_id": "b1g8dmbb2rv1vrcv62tc",
            "id": "ajeh2ijb77pbrb7h696c",
            "name": "tg-bot-for-exam",
            "timeouts": null
          },
          "sensitive_attributes": [],
          "private": "eyJlMmJmYjczMC1lY2FhLTExZTYtOGY4OC0zNDM2M2JjN2M0YzAiOnsiY3JlYXRlIjo2MDAwMDAwMDAwMCwiZGVsZXRlIjo2MDAwMDAwMDAwMCwidXBkYXRlIjo2MDAwMDAwMDAwMH19"
        }
      ]
    },
    {
      "mode": "managed",
      "type": "yandex_resourcemanager_folder_iam_member",
      "name": "tg_bot_for_exam_ai_language_models_iam",
      "provider": "provider[\"registry.terraform.io/yandex-cloud/yandex\"]",
      "instances": [
        {
          "schema_version": 0,
          "attributes": {
            "folder_id": "b1g8dmbb2rv1vrcv62tc",
            "id": "b1g8dmbb2rv1vrcv62tc/ai.languageModels.user/serviceAccount:ajeh2ijb77pbrb7h696c",
            "member": "serviceAccount:ajeh2ijb77pbrb7h696c",
            "role": "ai.languageModels.user",
            "sleep_after": null,
            "timeouts": null
          },
          "sensitive_attributes": [],
          "private": "eyJlMmJmYjczMC1lY2FhLTExZTYtOGY4OC0zNDM2M2JjN2M0YzAiOnsiY3JlYXRlIjo2MDAwMDAwMDAwMCwiZGVmYXVsdCI6NjAwMDAwMDAwMDAsImRlbGV0ZSI6NjAwMDAwMDAwMDAsInJlYWQiOjYwMDAwMDAwMDAwLCJ1cGRhdGUiOjYwMDAwMDAwMDAwfX0=",
          "dependencies": [
            "yandex_iam_service_account.tg_bot_for_exam"
          ]
        }
      ]
    },
    {
      "mode": "managed",
      "type": "yandex_resourcemanager_folder_iam_member",
      "name": "tg_bot_for_exam_ai_vision_iam",
      "provider": "provider[\"registry.terraform.io/yandex-cloud/yandex\"]",
      "instances": [
        {
          "schema_version": 0,
          "attributes": {
            "folder_id": "b1g8dmbb2rv1vrcv62tc",
            "id": "b1g8dmbb2rv1vrcv62tc/ai.vision.user/serviceAccount:ajeh2ijb77pbrb7h696c",
            "member": "serviceAccount:ajeh2ijb77pbrb7h696c",
            "role": "ai.vision.user",
            "sleep_after": null,
            "timeouts": null
          },
          "sensitive_attributes": [],
          "private": "eyJlMmJmYjczMC1lY2FhLTExZTYtOGY4OC0zNDM2M2JjN2M0YzAiOnsiY3JlYXRlIjo2MDAwMDAwMDAwMCwiZGVmYXVsdCI6NjAwMDAwMDAwMDAsImRlbGV0ZSI6NjAwMDAwMDAwMDAsInJlYWQiOjYwMDAwMDAwMDAwLCJ1cGRhdGUiOjYwMDAwMDAwMDAwfX0=",
          "dependencies": [
            "yandex_iam_service_account.tg_bot_for_exam"
          ]
        }
      ]
    },
    {
      "mode": "managed",
      "type": "yandex_resourcemanager_folder_iam_member",
      "name": "tg_bot_for_exam_storage_viewer_iam",
      "provider": "provider[\"registry.terraform.io/yandex-cloud/yandex\"]",
      "instances": [
        {
          "schema_version": 0,
          "attributes": {
            "folder_id": "b1g8dmbb2rv1vrcv62tc",
            "id": "b1g8dmbb2rv1vrcv62tc/storage.viewer/serviceAccount:ajeh2ijb77pbrb7h696c",
            "member": "serviceAccount:ajeh2ijb77pbrb7h696c",
            "role": "storage.viewer",
            "sleep_after": null,
            "timeouts": null
          },
          "sensitive_attributes": [],
          "private": "eyJlMmJmYjczMC1lY2FhLTExZTYtOGY4OC0zNDM2M2JjN2M0YzAiOnsiY3JlYXRlIjo2MDAwMDAwMDAwMCwiZGVmYXVsdCI6NjAwMDAwMDAwMDAsImRlbGV0ZSI6NjAwMDAwMDAwMDAsInJlYWQiOjYwMDAwMDAwMDAwLCJ1cGRhdGUiOjYwMDAwMDAwMDAwfX0=",
          "dependencies": [
            "yandex_iam_service_account.tg_bot_for_exam"
          ]
        }
      ]
    },
    {
      "mode": "managed",
      "type": "yandex_storage_bucket",
      "name": "tg_bot_for_exam_bucket",
      "provider": "provider[\"registry.terraform.io/yandex-cloud/yandex\"]",
      "instances": [
        {
          "schema_version": 1,
          "attributes": {
            "access_key": null,
            "acl": null,
            "anonymous_access_flags": [
              {
                "config_read": false,
                "list": false,
                "read": false
              }
            ],
            "bucket": "bucket035",
            "bucket_domain_name": "bucket035.storage.yandexcloud.net",
            "bucket_prefix": null,
            "cors_rule": [],
            "default_storage_class": "STANDARD",
            "folder_id": "b1g8dmbb2rv1vrcv62tc",
            "force_destroy": false,
            "grant": [],
            "https": [],
            "id": "bucket035",
            "lifecycle_rule": [],
            "logging": [],
            "max_size": 0,
            "object_lock_configuration": [],
            "policy": "",
            "secret_key": null,
            "server_side_encryption_configuration": [],
            "tags": {},
            "versioning": [
              {
                "enabled": false
              }
            ],
            "website": [],
            "website_domain": null,
            "website_endpoint": null
          },
          "sensitive_attributes": [
            [
              {
                "type": "get_attr",
                "value": "secret_key"
              }
            ]
          ],
          "private": "eyJzY2hlbWFfdmVyc2lvbiI6IjEifQ=="
        }
      ]
    },
    {
      "mode": "managed",
      "type": "yandex_storage_object",
      "name": "yandexgpt_instruction",
      "provider": "provider[\"registry.terraform.io/yandex-cloud/yandex\"]",
      "instances": [
        {
          "schema_version": 0,
          "attributes": {
            "access_key": null,
            "acl": "private",
            "bucket": "bucket035",
            "content": null,
            "content_base64": null,
            "content_type": "application/octet-stream",
            "id": "instruction.txt",
            "key": "instruction.txt",
            "object_lock_legal_hold_status": null,
            "object_lock_mode": null,
            "object_lock_retain_until_date": null,
            "secret_key": null,
            "source": "instruction.txt",
            "source_hash": null,
            "tags": {}
          },
          "sensitive_attributes": [
            [
              {
                "type": "get_attr",
                "value": "secret_key"
              }
            ]
          ],
          "private": "bnVsbA==",
          "dependencies": [
            "yandex_storage_bucket.tg_bot_for_exam_bucket"
          ]
        }
      ]
    }
  ],
  "check_results": null
}
